
Microsoft Visual Studio Solution File, Format Version 12.00
Project("{FAE04EC0-301F-11D3-BF4B-00C04F79EFBC}") = "c-sharp", "c-sharp.csproj", "{EFF462E5-3D19-43D5-BECE-0ADA066B2BED}"
EndProject
Global
	GlobalSection(SolutionConfigurationPlatforms) = preSolution
		Debug|Any CPU = Debug|Any CPU
		Release|Any CPU = Release|Any CPU
	EndGlobalSection
	GlobalSection(ProjectConfigurationPlatforms) = postSolution
		{EFF462E5-3D19-43D5-BECE-0ADA066B2BED}.Debug|Any CPU.ActiveCfg = Debug|Any CPU
		{EFF462E5-3D19-43D5-BECE-0ADA066B2BED}.Debug|Any CPU.Build.0 = Debug|Any CPU
		{EFF462E5-3D19-43D5-BECE-0ADA066B2BED}.Release|Any CPU.ActiveCfg = Release|Any CPU
		{EFF462E5-3D19-43D5-BECE-0ADA066B2BED}.Release|Any CPU.Build.0 = Release|Any CPU
	EndGlobalSection
EndGlobal
